// !$*UTF8*$!
{
	archiveVersion = 1;
	classes = {
	};
	objectVersion = 56;
	objects = {

/* Begin PBXBuildFile section */
		FA0B6F782C9800480038D0C5 /* TikTokCloneApp.swift in Sources */ = {isa = PBXBuildFile; fileRef = FA0B6F772C9800480038D0C5 /* TikTokCloneApp.swift */; };
		FA0B6F7A2C9800480038D0C5 /* ContentView.swift in Sources */ = {isa = PBXBuildFile; fileRef = FA0B6F792C9800480038D0C5 /* ContentView.swift */; };
		FA0B6F7C2C98004B0038D0C5 /* Assets.xcassets in Resources */ = {isa = PBXBuildFile; fileRef = FA0B6F7B2C98004B0038D0C5 /* Assets.xcassets */; };
		FA0B6F7F2C98004B0038D0C5 /* Preview Assets.xcassets in Resources */ = {isa = PBXBuildFile; fileRef = FA0B6F7E2C98004B0038D0C5 /* Preview Assets.xcassets */; };
		FA0B6F962C9802BD0038D0C5 /* MainTabView.swift in Sources */ = {isa = PBXBuildFile; fileRef = FA0B6F952C9802BD0038D0C5 /* MainTabView.swift */; };
		FA0B6F982C980DE10038D0C5 /* FeedView.swift in Sources */ = {isa = PBXBuildFile; fileRef = FA0B6F972C980DE10038D0C5 /* FeedView.swift */; };
		FA0B6F9A2C9812550038D0C5 /* FeedCell.swift in Sources */ = {isa = PBXBuildFile; fileRef = FA0B6F992C9812550038D0C5 /* FeedCell.swift */; };
		FA0B6F9C2C981EED0038D0C5 /* ExploreView.swift in Sources */ = {isa = PBXBuildFile; fileRef = FA0B6F9B2C981EED0038D0C5 /* ExploreView.swift */; };
		FA0B6F9E2C981F020038D0C5 /* UserCell.swift in Sources */ = {isa = PBXBuildFile; fileRef = FA0B6F9D2C981F020038D0C5 /* UserCell.swift */; };
		FA0B6FA02C9833430038D0C5 /* NotificationView.swift in Sources */ = {isa = PBXBuildFile; fileRef = FA0B6F9F2C9833430038D0C5 /* NotificationView.swift */; };
		FA0B6FA22C9833500038D0C5 /* NotificationCell.swift in Sources */ = {isa = PBXBuildFile; fileRef = FA0B6FA12C9833500038D0C5 /* NotificationCell.swift */; };
		FA0B6FA42C9844FD0038D0C5 /* CurrentUserProfileView.swift in Sources */ = {isa = PBXBuildFile; fileRef = FA0B6FA32C9844FD0038D0C5 /* CurrentUserProfileView.swift */; };
		FA0B6FA62C98454F0038D0C5 /* ProfileHeaderView.swift in Sources */ = {isa = PBXBuildFile; fileRef = FA0B6FA52C98454F0038D0C5 /* ProfileHeaderView.swift */; };
		FA0B6FAA2C98499C0038D0C5 /* PostGridView.swift in Sources */ = {isa = PBXBuildFile; fileRef = FA0B6FA92C98499C0038D0C5 /* PostGridView.swift */; };
		FA0B6FAC2C9849AE0038D0C5 /* UserStatView.swift in Sources */ = {isa = PBXBuildFile; fileRef = FA0B6FAB2C9849AE0038D0C5 /* UserStatView.swift */; };
		FA0B6FAE2C995F880038D0C5 /* Post.swift in Sources */ = {isa = PBXBuildFile; fileRef = FA0B6FAD2C995F880038D0C5 /* Post.swift */; };
		FA0B6FB32C9960340038D0C5 /* FeedViewModel.swift in Sources */ = {isa = PBXBuildFile; fileRef = FA0B6FB22C9960340038D0C5 /* FeedViewModel.swift */; };
		FA0B6FB52C997D360038D0C5 /* CustomVideoPlayer.swift in Sources */ = {isa = PBXBuildFile; fileRef = FA0B6FB42C997D360038D0C5 /* CustomVideoPlayer.swift */; };
/* End PBXBuildFile section */

/* Begin PBXFileReference section */
		FA0B6F742C9800480038D0C5 /* TikTokClone.app */ = {isa = PBXFileReference; explicitFileType = wrapper.application; includeInIndex = 0; path = TikTokClone.app; sourceTree = BUILT_PRODUCTS_DIR; };
		FA0B6F772C9800480038D0C5 /* TikTokCloneApp.swift */ = {isa = PBXFileReference; lastKnownFileType = sourcecode.swift; path = TikTokCloneApp.swift; sourceTree = "<group>"; };
		FA0B6F792C9800480038D0C5 /* ContentView.swift */ = {isa = PBXFileReference; lastKnownFileType = sourcecode.swift; path = ContentView.swift; sourceTree = "<group>"; };
		FA0B6F7B2C98004B0038D0C5 /* Assets.xcassets */ = {isa = PBXFileReference; lastKnownFileType = folder.assetcatalog; path = Assets.xcassets; sourceTree = "<group>"; };
		FA0B6F7E2C98004B0038D0C5 /* Preview Assets.xcassets */ = {isa = PBXFileReference; lastKnownFileType = folder.assetcatalog; path = "Preview Assets.xcassets"; sourceTree = "<group>"; };
		FA0B6F952C9802BD0038D0C5 /* MainTabView.swift */ = {isa = PBXFileReference; lastKnownFileType = sourcecode.swift; path = MainTabView.swift; sourceTree = "<group>"; };
		FA0B6F972C980DE10038D0C5 /* FeedView.swift */ = {isa = PBXFileReference; lastKnownFileType = sourcecode.swift; path = FeedView.swift; sourceTree = "<group>"; };
		FA0B6F992C9812550038D0C5 /* FeedCell.swift */ = {isa = PBXFileReference; lastKnownFileType = sourcecode.swift; path = FeedCell.swift; sourceTree = "<group>"; };
		FA0B6F9B2C981EED0038D0C5 /* ExploreView.swift */ = {isa = PBXFileReference; lastKnownFileType = sourcecode.swift; path = ExploreView.swift; sourceTree = "<group>"; };
		FA0B6F9D2C981F020038D0C5 /* UserCell.swift */ = {isa = PBXFileReference; lastKnownFileType = sourcecode.swift; path = UserCell.swift; sourceTree = "<group>"; };
		FA0B6F9F2C9833430038D0C5 /* NotificationView.swift */ = {isa = PBXFileReference; lastKnownFileType = sourcecode.swift; path = NotificationView.swift; sourceTree = "<group>"; };
		FA0B6FA12C9833500038D0C5 /* NotificationCell.swift */ = {isa = PBXFileReference; lastKnownFileType = sourcecode.swift; path = NotificationCell.swift; sourceTree = "<group>"; };
		FA0B6FA32C9844FD0038D0C5 /* CurrentUserProfileView.swift */ = {isa = PBXFileReference; lastKnownFileType = sourcecode.swift; path = CurrentUserProfileView.swift; sourceTree = "<group>"; };
		FA0B6FA52C98454F0038D0C5 /* ProfileHeaderView.swift */ = {isa = PBXFileReference; lastKnownFileType = sourcecode.swift; path = ProfileHeaderView.swift; sourceTree = "<group>"; };
		FA0B6FA92C98499C0038D0C5 /* PostGridView.swift */ = {isa = PBXFileReference; lastKnownFileType = sourcecode.swift; path = PostGridView.swift; sourceTree = "<group>"; };
		FA0B6FAB2C9849AE0038D0C5 /* UserStatView.swift */ = {isa = PBXFileReference; lastKnownFileType = sourcecode.swift; path = UserStatView.swift; sourceTree = "<group>"; };
		FA0B6FAD2C995F880038D0C5 /* Post.swift */ = {isa = PBXFileReference; lastKnownFileType = sourcecode.swift; path = Post.swift; sourceTree = "<group>"; };
		FA0B6FB22C9960340038D0C5 /* FeedViewModel.swift */ = {isa = PBXFileReference; lastKnownFileType = sourcecode.swift; path = FeedViewModel.swift; sourceTree = "<group>"; };
		FA0B6FB42C997D360038D0C5 /* CustomVideoPlayer.swift */ = {isa = PBXFileReference; lastKnownFileType = sourcecode.swift; path = CustomVideoPlayer.swift; sourceTree = "<group>"; };
/* End PBXFileReference section */

/* Begin PBXFrameworksBuildPhase section */
		FA0B6F712C9800480038D0C5 /* Frameworks */ = {
			isa = PBXFrameworksBuildPhase;
			buildActionMask = 2147483647;
			files = (
			);
			runOnlyForDeploymentPostprocessing = 0;
		};
/* End PBXFrameworksBuildPhase section */

/* Begin PBXGroup section */
		FA0B6F6B2C9800480038D0C5 = {
			isa = PBXGroup;
			children = (
				FA0B6F762C9800480038D0C5 /* TikTokClone */,
				FA0B6F752C9800480038D0C5 /* Products */,
			);
			sourceTree = "<group>";
		};
		FA0B6F752C9800480038D0C5 /* Products */ = {
			isa = PBXGroup;
			children = (
				FA0B6F742C9800480038D0C5 /* TikTokClone.app */,
			);
			name = Products;
			sourceTree = "<group>";
		};
		FA0B6F762C9800480038D0C5 /* TikTokClone */ = {
			isa = PBXGroup;
			children = (
				FA0B6F882C9800690038D0C5 /* App */,
				FA0B6F862C9800630038D0C5 /* Core */,
				FA0B6F872C9800640038D0C5 /* Extensions */,
				FA0B6F852C9800610038D0C5 /* Model */,
				FA0B6F892C9800CA0038D0C5 /* Services */,
				FA0B6F8A2C9800E50038D0C5 /* Utils */,
				FA0B6F7B2C98004B0038D0C5 /* Assets.xcassets */,
				FA0B6F7D2C98004B0038D0C5 /* Preview Content */,
			);
			path = TikTokClone;
			sourceTree = "<group>";
		};
		FA0B6F7D2C98004B0038D0C5 /* Preview Content */ = {
			isa = PBXGroup;
			children = (
				FA0B6F7E2C98004B0038D0C5 /* Preview Assets.xcassets */,
			);
			path = "Preview Content";
			sourceTree = "<group>";
		};
		FA0B6F852C9800610038D0C5 /* Model */ = {
			isa = PBXGroup;
			children = (
				FA0B6FAD2C995F880038D0C5 /* Post.swift */,
			);
			path = Model;
			sourceTree = "<group>";
		};
		FA0B6F862C9800630038D0C5 /* Core */ = {
			isa = PBXGroup;
			children = (
				FA0B6F942C9801B30038D0C5 /* Authentication */,
				FA0B6F932C9801A90038D0C5 /* Comments */,
				FA0B6F922C98019D0038D0C5 /* Components */,
				FA0B6F912C9801970038D0C5 /* Feed */,
				FA0B6F902C98018C0038D0C5 /* Notifications */,
				FA0B6F8F2C9801780038D0C5 /* Profile */,
				FA0B6F8E2C9801660038D0C5 /* RootViews */,
				FA0B6F8D2C98015A0038D0C5 /* Serach */,
				FA0B6F8C2C9801490038D0C5 /* TabBar */,
				FA0B6F8B2C9801310038D0C5 /* UploadMedia */,
			);
			path = Core;
			sourceTree = "<group>";
		};
		FA0B6F872C9800640038D0C5 /* Extensions */ = {
			isa = PBXGroup;
			children = (
			);
			name = Extensions;
			sourceTree = "<group>";
		};
		FA0B6F882C9800690038D0C5 /* App */ = {
			isa = PBXGroup;
			children = (
				FA0B6F772C9800480038D0C5 /* TikTokCloneApp.swift */,
			);
			path = App;
			sourceTree = "<group>";
		};
		FA0B6F892C9800CA0038D0C5 /* Services */ = {
			isa = PBXGroup;
			children = (
			);
			path = Services;
			sourceTree = "<group>";
		};
		FA0B6F8A2C9800E50038D0C5 /* Utils */ = {
			isa = PBXGroup;
			children = (
			);
			path = Utils;
			sourceTree = "<group>";
		};
		FA0B6F8B2C9801310038D0C5 /* UploadMedia */ = {
			isa = PBXGroup;
			children = (
			);
			path = UploadMedia;
			sourceTree = "<group>";
		};
		FA0B6F8C2C9801490038D0C5 /* TabBar */ = {
			isa = PBXGroup;
			children = (
				FA0B6F952C9802BD0038D0C5 /* MainTabView.swift */,
			);
			path = TabBar;
			sourceTree = "<group>";
		};
		FA0B6F8D2C98015A0038D0C5 /* Serach */ = {
			isa = PBXGroup;
			children = (
				FA0B6F9B2C981EED0038D0C5 /* ExploreView.swift */,
				FA0B6F9D2C981F020038D0C5 /* UserCell.swift */,
			);
			path = Serach;
			sourceTree = "<group>";
		};
		FA0B6F8E2C9801660038D0C5 /* RootViews */ = {
			isa = PBXGroup;
			children = (
				FA0B6F792C9800480038D0C5 /* ContentView.swift */,
			);
			path = RootViews;
			sourceTree = "<group>";
		};
		FA0B6F8F2C9801780038D0C5 /* Profile */ = {
			isa = PBXGroup;
			children = (
				FA0B6FA82C9849780038D0C5 /* Components */,
				FA0B6FA72C98496F0038D0C5 /* Views */,
				FA0B6FA32C9844FD0038D0C5 /* CurrentUserProfileView.swift */,
			);
			path = Profile;
			sourceTree = "<group>";
		};
		FA0B6F902C98018C0038D0C5 /* Notifications */ = {
			isa = PBXGroup;
			children = (
				FA0B6F9F2C9833430038D0C5 /* NotificationView.swift */,
				FA0B6FA12C9833500038D0C5 /* NotificationCell.swift */,
			);
			path = Notifications;
			sourceTree = "<group>";
		};
		FA0B6F912C9801970038D0C5 /* Feed */ = {
			isa = PBXGroup;
			children = (
				FA0B6FB12C9960060038D0C5 /* Views */,
				FA0B6FB02C995FFA0038D0C5 /* ViewModel */,
				FA0B6FAF2C995FF10038D0C5 /* Service */,
			);
			path = Feed;
			sourceTree = "<group>";
		};
		FA0B6F922C98019D0038D0C5 /* Components */ = {
			isa = PBXGroup;
			children = (
				FA0B6FB42C997D360038D0C5 /* CustomVideoPlayer.swift */,
			);
			path = Components;
			sourceTree = "<group>";
		};
		FA0B6F932C9801A90038D0C5 /* Comments */ = {
			isa = PBXGroup;
			children = (
			);
			path = Comments;
			sourceTree = "<group>";
		};
		FA0B6F942C9801B30038D0C5 /* Authentication */ = {
			isa = PBXGroup;
			children = (
			);
			path = Authentication;
			sourceTree = "<group>";
		};
		FA0B6FA72C98496F0038D0C5 /* Views */ = {
			isa = PBXGroup;
			children = (
			);
			path = Views;
			sourceTree = "<group>";
		};
		FA0B6FA82C9849780038D0C5 /* Components */ = {
			isa = PBXGroup;
			children = (
				FA0B6FA52C98454F0038D0C5 /* ProfileHeaderView.swift */,
				FA0B6FA92C98499C0038D0C5 /* PostGridView.swift */,
				FA0B6FAB2C9849AE0038D0C5 /* UserStatView.swift */,
			);
			path = Components;
			sourceTree = "<group>";
		};
		FA0B6FAF2C995FF10038D0C5 /* Service */ = {
			isa = PBXGroup;
			children = (
			);
			path = Service;
			sourceTree = "<group>";
		};
		FA0B6FB02C995FFA0038D0C5 /* ViewModel */ = {
			isa = PBXGroup;
			children = (
				FA0B6FB22C9960340038D0C5 /* FeedViewModel.swift */,
			);
			path = ViewModel;
			sourceTree = "<group>";
		};
		FA0B6FB12C9960060038D0C5 /* Views */ = {
			isa = PBXGroup;
			children = (
				FA0B6F972C980DE10038D0C5 /* FeedView.swift */,
				FA0B6F992C9812550038D0C5 /* FeedCell.swift */,
			);
			path = Views;
			sourceTree = "<group>";
		};
/* End PBXGroup section */

/* Begin PBXNativeTarget section */
		FA0B6F732C9800480038D0C5 /* TikTokClone */ = {
			isa = PBXNativeTarget;
			buildConfigurationList = FA0B6F822C98004B0038D0C5 /* Build configuration list for PBXNativeTarget "TikTokClone" */;
			buildPhases = (
				FA0B6F702C9800480038D0C5 /* Sources */,
				FA0B6F712C9800480038D0C5 /* Frameworks */,
				FA0B6F722C9800480038D0C5 /* Resources */,
			);
			buildRules = (
			);
			dependencies = (
			);
			name = TikTokClone;
			productName = TikTokClone;
			productReference = FA0B6F742C9800480038D0C5 /* TikTokClone.app */;
			productType = "com.apple.product-type.application";
		};
/* End PBXNativeTarget section */

/* Begin PBXProject section */
		FA0B6F6C2C9800480038D0C5 /* Project object */ = {
			isa = PBXProject;
			attributes = {
				BuildIndependentTargetsInParallel = 1;
				LastSwiftUpdateCheck = 1520;
				LastUpgradeCheck = 1520;
				TargetAttributes = {
					FA0B6F732C9800480038D0C5 = {
						CreatedOnToolsVersion = 15.2;
					};
				};
			};
			buildConfigurationList = FA0B6F6F2C9800480038D0C5 /* Build configuration list for PBXProject "TikTokClone" */;
			compatibilityVersion = "Xcode 14.0";
			developmentRegion = en;
			hasScannedForEncodings = 0;
			knownRegions = (
				en,
				Base,
			);
			mainGroup = FA0B6F6B2C9800480038D0C5;
			productRefGroup = FA0B6F752C9800480038D0C5 /* Products */;
			projectDirPath = "";
			projectRoot = "";
			targets = (
				FA0B6F732C9800480038D0C5 /* TikTokClone */,
			);
		};
/* End PBXProject section */

/* Begin PBXResourcesBuildPhase section */
		FA0B6F722C9800480038D0C5 /* Resources */ = {
			isa = PBXResourcesBuildPhase;
			buildActionMask = 2147483647;
			files = (
				FA0B6F7F2C98004B0038D0C5 /* Preview Assets.xcassets in Resources */,
				FA0B6F7C2C98004B0038D0C5 /* Assets.xcassets in Resources */,
			);
			runOnlyForDeploymentPostprocessing = 0;
		};
/* End PBXResourcesBuildPhase section */

/* Begin PBXSourcesBuildPhase section */
		FA0B6F702C9800480038D0C5 /* Sources */ = {
			isa = PBXSourcesBuildPhase;
			buildActionMask = 2147483647;
			files = (
				FA0B6F982C980DE10038D0C5 /* FeedView.swift in Sources */,
				FA0B6FB52C997D360038D0C5 /* CustomVideoPlayer.swift in Sources */,
				FA0B6FA22C9833500038D0C5 /* NotificationCell.swift in Sources */,
				FA0B6FA62C98454F0038D0C5 /* ProfileHeaderView.swift in Sources */,
				FA0B6FAC2C9849AE0038D0C5 /* UserStatView.swift in Sources */,
				FA0B6F9A2C9812550038D0C5 /* FeedCell.swift in Sources */,
				FA0B6FB32C9960340038D0C5 /* FeedViewModel.swift in Sources */,
				FA0B6FAE2C995F880038D0C5 /* Post.swift in Sources */,
				FA0B6F7A2C9800480038D0C5 /* ContentView.swift in Sources */,
				FA0B6FA02C9833430038D0C5 /* NotificationView.swift in Sources */,
				FA0B6F782C9800480038D0C5 /* TikTokCloneApp.swift in Sources */,
				FA0B6F9C2C981EED0038D0C5 /* ExploreView.swift in Sources */,
				FA0B6FAA2C98499C0038D0C5 /* PostGridView.swift in Sources */,
				FA0B6FA42C9844FD0038D0C5 /* CurrentUserProfileView.swift in Sources */,
				FA0B6F962C9802BD0038D0C5 /* MainTabView.swift in Sources */,
				FA0B6F9E2C981F020038D0C5 /* UserCell.swift in Sources */,
			);
			runOnlyForDeploymentPostprocessing = 0;
		};
/* End PBXSourcesBuildPhase section */

/* Begin XCBuildConfiguration section */
		FA0B6F802C98004B0038D0C5 /* Debug */ = {
			isa = XCBuildConfiguration;
			buildSettings = {
				ALWAYS_SEARCH_USER_PATHS = NO;
				ASSETCATALOG_COMPILER_GENERATE_SWIFT_ASSET_SYMBOL_EXTENSIONS = YES;
				CLANG_ANALYZER_NONNULL = YES;
				CLANG_ANALYZER_NUMBER_OBJECT_CONVERSION = YES_AGGRESSIVE;
				CLANG_CXX_LANGUAGE_STANDARD = "gnu++20";
				CLANG_ENABLE_MODULES = YES;
				CLANG_ENABLE_OBJC_ARC = YES;
				CLANG_ENABLE_OBJC_WEAK = YES;
				CLANG_WARN_BLOCK_CAPTURE_AUTORELEASING = YES;
				CLANG_WARN_BOOL_CONVERSION = YES;
				CLANG_WARN_COMMA = YES;
				CLANG_WARN_CONSTANT_CONVERSION = YES;
				CLANG_WARN_DEPRECATED_OBJC_IMPLEMENTATIONS = YES;
				CLANG_WARN_DIRECT_OBJC_ISA_USAGE = YES_ERROR;
				CLANG_WARN_DOCUMENTATION_COMMENTS = YES;
				CLANG_WARN_EMPTY_BODY = YES;
				CLANG_WARN_ENUM_CONVERSION = YES;
				CLANG_WARN_INFINITE_RECURSION = YES;
				CLANG_WARN_INT_CONVERSION = YES;
				CLANG_WARN_NON_LITERAL_NULL_CONVERSION = YES;
				CLANG_WARN_OBJC_IMPLICIT_RETAIN_SELF = YES;
				CLANG_WARN_OBJC_LITERAL_CONVERSION = YES;
				CLANG_WARN_OBJC_ROOT_CLASS = YES_ERROR;
				CLANG_WARN_QUOTED_INCLUDE_IN_FRAMEWORK_HEADER = YES;
				CLANG_WARN_RANGE_LOOP_ANALYSIS = YES;
				CLANG_WARN_STRICT_PROTOTYPES = YES;
				CLANG_WARN_SUSPICIOUS_MOVE = YES;
				CLANG_WARN_UNGUARDED_AVAILABILITY = YES_AGGRESSIVE;
				CLANG_WARN_UNREACHABLE_CODE = YES;
				CLANG_WARN__DUPLICATE_METHOD_MATCH = YES;
				COPY_PHASE_STRIP = NO;
				DEBUG_INFORMATION_FORMAT = dwarf;
				ENABLE_STRICT_OBJC_MSGSEND = YES;
				ENABLE_TESTABILITY = YES;
				ENABLE_USER_SCRIPT_SANDBOXING = YES;
				GCC_C_LANGUAGE_STANDARD = gnu17;
				GCC_DYNAMIC_NO_PIC = NO;
				GCC_NO_COMMON_BLOCKS = YES;
				GCC_OPTIMIZATION_LEVEL = 0;
				GCC_PREPROCESSOR_DEFINITIONS = (
					"DEBUG=1",
					"$(inherited)",
				);
				GCC_WARN_64_TO_32_BIT_CONVERSION = YES;
				GCC_WARN_ABOUT_RETURN_TYPE = YES_ERROR;
				GCC_WARN_UNDECLARED_SELECTOR = YES;
				GCC_WARN_UNINITIALIZED_AUTOS = YES_AGGRESSIVE;
				GCC_WARN_UNUSED_FUNCTION = YES;
				GCC_WARN_UNUSED_VARIABLE = YES;
				IPHONEOS_DEPLOYMENT_TARGET = 17.2;
				LOCALIZATION_PREFERS_STRING_CATALOGS = YES;
				MTL_ENABLE_DEBUG_INFO = INCLUDE_SOURCE;
				MTL_FAST_MATH = YES;
				ONLY_ACTIVE_ARCH = YES;
				SDKROOT = iphoneos;
				SWIFT_ACTIVE_COMPILATION_CONDITIONS = "DEBUG $(inherited)";
				SWIFT_OPTIMIZATION_LEVEL = "-Onone";
			};
			name = Debug;
		};
		FA0B6F812C98004B0038D0C5 /* Release */ = {
			isa = XCBuildConfiguration;
			buildSettings = {
				ALWAYS_SEARCH_USER_PATHS = NO;
				ASSETCATALOG_COMPILER_GENERATE_SWIFT_ASSET_SYMBOL_EXTENSIONS = YES;
				CLANG_ANALYZER_NONNULL = YES;
				CLANG_ANALYZER_NUMBER_OBJECT_CONVERSION = YES_AGGRESSIVE;
				CLANG_CXX_LANGUAGE_STANDARD = "gnu++20";
				CLANG_ENABLE_MODULES = YES;
				CLANG_ENABLE_OBJC_ARC = YES;
				CLANG_ENABLE_OBJC_WEAK = YES;
				CLANG_WARN_BLOCK_CAPTURE_AUTORELEASING = YES;
				CLANG_WARN_BOOL_CONVERSION = YES;
				CLANG_WARN_COMMA = YES;
				CLANG_WARN_CONSTANT_CONVERSION = YES;
				CLANG_WARN_DEPRECATED_OBJC_IMPLEMENTATIONS = YES;
				CLANG_WARN_DIRECT_OBJC_ISA_USAGE = YES_ERROR;
				CLANG_WARN_DOCUMENTATION_COMMENTS = YES;
				CLANG_WARN_EMPTY_BODY = YES;
				CLANG_WARN_ENUM_CONVERSION = YES;
				CLANG_WARN_INFINITE_RECURSION = YES;
				CLANG_WARN_INT_CONVERSION = YES;
				CLANG_WARN_NON_LITERAL_NULL_CONVERSION = YES;
				CLANG_WARN_OBJC_IMPLICIT_RETAIN_SELF = YES;
				CLANG_WARN_OBJC_LITERAL_CONVERSION = YES;
				CLANG_WARN_OBJC_ROOT_CLASS = YES_ERROR;
				CLANG_WARN_QUOTED_INCLUDE_IN_FRAMEWORK_HEADER = YES;
				CLANG_WARN_RANGE_LOOP_ANALYSIS = YES;
				CLANG_WARN_STRICT_PROTOTYPES = YES;
				CLANG_WARN_SUSPICIOUS_MOVE = YES;
				CLANG_WARN_UNGUARDED_AVAILABILITY = YES_AGGRESSIVE;
				CLANG_WARN_UNREACHABLE_CODE = YES;
				CLANG_WARN__DUPLICATE_METHOD_MATCH = YES;
				COPY_PHASE_STRIP = NO;
				DEBUG_INFORMATION_FORMAT = "dwarf-with-dsym";
				ENABLE_NS_ASSERTIONS = NO;
				ENABLE_STRICT_OBJC_MSGSEND = YES;
				ENABLE_USER_SCRIPT_SANDBOXING = YES;
				GCC_C_LANGUAGE_STANDARD = gnu17;
				GCC_NO_COMMON_BLOCKS = YES;
				GCC_WARN_64_TO_32_BIT_CONVERSION = YES;
				GCC_WARN_ABOUT_RETURN_TYPE = YES_ERROR;
				GCC_WARN_UNDECLARED_SELECTOR = YES;
				GCC_WARN_UNINITIALIZED_AUTOS = YES_AGGRESSIVE;
				GCC_WARN_UNUSED_FUNCTION = YES;
				GCC_WARN_UNUSED_VARIABLE = YES;
				IPHONEOS_DEPLOYMENT_TARGET = 17.2;
				LOCALIZATION_PREFERS_STRING_CATALOGS = YES;
				MTL_ENABLE_DEBUG_INFO = NO;
				MTL_FAST_MATH = YES;
				SDKROOT = iphoneos;
				SWIFT_COMPILATION_MODE = wholemodule;
				VALIDATE_PRODUCT = YES;
			};
			name = Release;
		};
		FA0B6F832C98004B0038D0C5 /* Debug */ = {
			isa = XCBuildConfiguration;
			buildSettings = {
				ASSETCATALOG_COMPILER_APPICON_NAME = AppIcon;
				ASSETCATALOG_COMPILER_GLOBAL_ACCENT_COLOR_NAME = AccentColor;
				CODE_SIGN_STYLE = Automatic;
				CURRENT_PROJECT_VERSION = 1;
				DEVELOPMENT_ASSET_PATHS = "\"TikTokClone/Preview Content\"";
				DEVELOPMENT_TEAM = KX2WW9325Y;
				ENABLE_PREVIEWS = YES;
				GENERATE_INFOPLIST_FILE = YES;
				INFOPLIST_KEY_UIApplicationSceneManifest_Generation = YES;
				INFOPLIST_KEY_UIApplicationSupportsIndirectInputEvents = YES;
				INFOPLIST_KEY_UILaunchScreen_Generation = YES;
				INFOPLIST_KEY_UISupportedInterfaceOrientations_iPad = "UIInterfaceOrientationPortrait UIInterfaceOrientationPortraitUpsideDown UIInterfaceOrientationLandscapeLeft UIInterfaceOrientationLandscapeRight";
				INFOPLIST_KEY_UISupportedInterfaceOrientations_iPhone = "UIInterfaceOrientationPortrait UIInterfaceOrientationLandscapeLeft UIInterfaceOrientationLandscapeRight";
				LD_RUNPATH_SEARCH_PATHS = (
					"$(inherited)",
					"@executable_path/Frameworks",
				);
				MARKETING_VERSION = 1.0;
				PRODUCT_BUNDLE_IDENTIFIER = com.BilalMehdi.TikTokClone;
				PRODUCT_NAME = "$(TARGET_NAME)";
				SWIFT_EMIT_LOC_STRINGS = YES;
				SWIFT_VERSION = 5.0;
				TARGETED_DEVICE_FAMILY = "1,2";
			};
			name = Debug;
		};
		FA0B6F842C98004B0038D0C5 /* Release */ = {
			isa = XCBuildConfiguration;
			buildSettings = {
				ASSETCATALOG_COMPILER_APPICON_NAME = AppIcon;
				ASSETCATALOG_COMPILER_GLOBAL_ACCENT_COLOR_NAME = AccentColor;
				CODE_SIGN_STYLE = Automatic;
				CURRENT_PROJECT_VERSION = 1;
				DEVELOPMENT_ASSET_PATHS = "\"TikTokClone/Preview Content\"";
				DEVELOPMENT_TEAM = KX2WW9325Y;
				ENABLE_PREVIEWS = YES;
				GENERATE_INFOPLIST_FILE = YES;
				INFOPLIST_KEY_UIApplicationSceneManifest_Generation = YES;
				INFOPLIST_KEY_UIApplicationSupportsIndirectInputEvents = YES;
				INFOPLIST_KEY_UILaunchScreen_Generation = YES;
				INFOPLIST_KEY_UISupportedInterfaceOrientations_iPad = "UIInterfaceOrientationPortrait UIInterfaceOrientationPortraitUpsideDown UIInterfaceOrientationLandscapeLeft UIInterfaceOrientationLandscapeRight";
				INFOPLIST_KEY_UISupportedInterfaceOrientations_iPhone = "UIInterfaceOrientationPortrait UIInterfaceOrientationLandscapeLeft UIInterfaceOrientationLandscapeRight";
				LD_RUNPATH_SEARCH_PATHS = (
					"$(inherited)",
					"@executable_path/Frameworks",
				);
				MARKETING_VERSION = 1.0;
				PRODUCT_BUNDLE_IDENTIFIER = com.BilalMehdi.TikTokClone;
				PRODUCT_NAME = "$(TARGET_NAME)";
				SWIFT_EMIT_LOC_STRINGS = YES;
				SWIFT_VERSION = 5.0;
				TARGETED_DEVICE_FAMILY = "1,2";
			};
			name = Release;
		};
/* End XCBuildConfiguration section */

/* Begin XCConfigurationList section */
		FA0B6F6F2C9800480038D0C5 /* Build configuration list for PBXProject "TikTokClone" */ = {
			isa = XCConfigurationList;
			buildConfigurations = (
				FA0B6F802C98004B0038D0C5 /* Debug */,
				FA0B6F812C98004B0038D0C5 /* Release */,
			);
			defaultConfigurationIsVisible = 0;
			defaultConfigurationName = Release;
		};
		FA0B6F822C98004B0038D0C5 /* Build configuration list for PBXNativeTarget "TikTokClone" */ = {
			isa = XCConfigurationList;
			buildConfigurations = (
				FA0B6F832C98004B0038D0C5 /* Debug */,
				FA0B6F842C98004B0038D0C5 /* Release */,
			);
			defaultConfigurationIsVisible = 0;
			defaultConfigurationName = Release;
		};
/* End XCConfigurationList section */
	};
	rootObject = FA0B6F6C2C9800480038D0C5 /* Project object */;
}
